
Microsoft Visual Studio Solution File, Format Version 12.00
# Visual Studio Version 17
VisualStudioVersion = 17.9.34622.214
MinimumVisualStudioVersion = 10.0.40219.1
Project("{FAE04EC0-301F-11D3-BF4B-00C04F79EFBC}") = "Rental.Domain", "Rental.Domain\Rental.Domain.csproj", "{12059DFC-12DD-1EC5-A7C4-1CEAD5B57C69}"
EndProject
Project("{2150E333-8FDC-42A3-9474-1A3956D46DE8}") = "Solution Items", "Solution Items", "{02EA681E-C7D8-13C7-8484-4AC65E1B71E8}"
	ProjectSection(SolutionItems) = preProject
		.editorconfig = .editorconfig
	EndProjectSection
EndProject
Project("{FAE04EC0-301F-11D3-BF4B-00C04F79EFBC}") = "Rental.ConsoleTest", "Rental.ConsoleTest\Rental.ConsoleTest.csproj", "{9CB255BA-5B06-AE6A-288B-8139928F839D}"
EndProject
Project("{FAE04EC0-301F-11D3-BF4B-00C04F79EFBC}") = "Rental.WebApp", "Rental.WebApp\Rental.WebApp.csproj", "{243FE5D2-C1E6-8A4E-DB19-A17015D2C772}"
EndProject
Global
	GlobalSection(SolutionConfigurationPlatforms) = preSolution
		Debug|Any CPU = Debug|Any CPU
		Release|Any CPU = Release|Any CPU
	EndGlobalSection
	GlobalSection(ProjectConfigurationPlatforms) = postSolution
		{12059DFC-12DD-1EC5-A7C4-1CEAD5B57C69}.Debug|Any CPU.ActiveCfg = Debug|Any CPU
		{12059DFC-12DD-1EC5-A7C4-1CEAD5B57C69}.Debug|Any CPU.Build.0 = Debug|Any CPU
		{12059DFC-12DD-1EC5-A7C4-1CEAD5B57C69}.Release|Any CPU.ActiveCfg = Release|Any CPU
		{12059DFC-12DD-1EC5-A7C4-1CEAD5B57C69}.Release|Any CPU.Build.0 = Release|Any CPU
		{9CB255BA-5B06-AE6A-288B-8139928F839D}.Debug|Any CPU.ActiveCfg = Debug|Any CPU
		{9CB255BA-5B06-AE6A-288B-8139928F839D}.Debug|Any CPU.Build.0 = Debug|Any CPU
		{9CB255BA-5B06-AE6A-288B-8139928F839D}.Release|Any CPU.ActiveCfg = Release|Any CPU
		{9CB255BA-5B06-AE6A-288B-8139928F839D}.Release|Any CPU.Build.0 = Release|Any CPU
		{243FE5D2-C1E6-8A4E-DB19-A17015D2C772}.Debug|Any CPU.ActiveCfg = Debug|Any CPU
		{243FE5D2-C1E6-8A4E-DB19-A17015D2C772}.Debug|Any CPU.Build.0 = Debug|Any CPU
		{243FE5D2-C1E6-8A4E-DB19-A17015D2C772}.Release|Any CPU.ActiveCfg = Release|Any CPU
		{243FE5D2-C1E6-8A4E-DB19-A17015D2C772}.Release|Any CPU.Build.0 = Release|Any CPU
	EndGlobalSection
	GlobalSection(SolutionProperties) = preSolution
		HideSolutionNode = FALSE
	EndGlobalSection
	GlobalSection(ExtensibilityGlobals) = postSolution
		SolutionGuid = {9A89334B-50A1-4E6F-8025-C71A6DC06216}
	EndGlobalSection
EndGlobal
